
Microsoft Visual Studio Solution File, Format Version 12.00
# Visual Studio Version 17
VisualStudioVersion = 17.5.33516.290
MinimumVisualStudioVersion = 10.0.40219.1
Project("{FAE04EC0-301F-11D3-BF4B-00C04F79EFBC}") = "Advent-Of-Code-2015", "Advent-Of-Code-2015.csproj", "{77801852-A930-489B-880E-F6A7B19AA887}"
EndProject
Global
	GlobalSection(SolutionConfigurationPlatforms) = preSolution
		Debug|Any CPU = Debug|Any CPU
		Release|Any CPU = Release|Any CPU
	EndGlobalSection
	GlobalSection(ProjectConfigurationPlatforms) = postSolution
		{77801852-A930-489B-880E-F6A7B19AA887}.Debug|Any CPU.ActiveCfg = Debug|Any CPU
		{77801852-A930-489B-880E-F6A7B19AA887}.Debug|Any CPU.Build.0 = Debug|Any CPU
		{77801852-A930-489B-880E-F6A7B19AA887}.Release|Any CPU.ActiveCfg = Release|Any CPU
		{77801852-A930-489B-880E-F6A7B19AA887}.Release|Any CPU.Build.0 = Release|Any CPU
	EndGlobalSection
	GlobalSection(SolutionProperties) = preSolution
		HideSolutionNode = FALSE
	EndGlobalSection
	GlobalSection(ExtensibilityGlobals) = postSolution
		SolutionGuid = {C8088745-C065-4195-B3AE-819D07BCBFFB}
	EndGlobalSection
EndGlobal
